{
  "name": "@evidence-dev/preprocess",
  "version": "1.4.0",
  "lockfileVersion": 3,
  "requires": true,
  "packages": {
    "": {
      "name": "@evidence-dev/preprocess",
      "version": "1.4.0",
      "license": "MIT",
      "dependencies": {
        "blueimp-md5": "^2.19.0",
        "fs-extra": "^9.1.0",
        "mdsvex": "^0.10.6",
        "remark-parse": "8.0.2",
        "unified": "^9.1.0",
        "unist-util-visit": "^2.0.3"
      }
    },
    "../../node_modules/.pnpm/blueimp-md5@2.19.0/node_modules/blueimp-md5": {
      "version": "2.19.0",
      "license": "MIT",
      "devDependencies": {
        "chai": "4",
        "eslint": "7",
        "eslint-config-blueimp": "2",
        "eslint-config-prettier": "8",
        "eslint-plugin-jsdoc": "36",
        "eslint-plugin-prettier": "4",
        "mocha": "9",
        "prettier": "2",
        "uglify-js": "3"
      }
    },
    "../../node_modules/.pnpm/fs-extra@9.1.0/node_modules/fs-extra": {
      "version": "9.1.0",
      "license": "MIT",
      "dependencies": {
        "at-least-node": "^1.0.0",
        "graceful-fs": "^4.2.0",
        "jsonfile": "^6.0.1",
        "universalify": "^2.0.0"
      },
      "devDependencies": {
        "coveralls": "^3.0.0",
        "klaw": "^2.1.1",
        "klaw-sync": "^3.0.2",
        "minimist": "^1.1.1",
        "mocha": "^5.0.5",
        "nyc": "^15.0.0",
        "proxyquire": "^2.0.1",
        "read-dir-files": "^0.1.1",
        "standard": "^14.1.0"
      },
      "engines": {
        "node": ">=10"
      }
    },
    "../../node_modules/.pnpm/mdsvex@0.10.6/node_modules/mdsvex": {
      "version": "0.10.6",
      "license": "MIT",
      "dependencies": {
        "@types/unist": "^2.0.3",
        "prism-svelte": "^0.4.7",
        "prismjs": "^1.17.1",
        "vfile-message": "^2.0.4"
      },
      "devDependencies": {
        "@rollup/plugin-replace": "^2.4.2",
        "@rollup/plugin-sucrase": "^3.1.0",
        "@starptech/prettyhtml-hast-to-html": "^0.10.0",
        "@types/acorn": "^4.0.5",
        "@types/escape-html": "^1.0.0",
        "@types/estree": "^0.0.45",
        "@types/hast": "^2.3.1",
        "@types/js-yaml": "^3.12.5",
        "escape-html": "^1.0.3",
        "front-matter": "^4.0.0",
        "js-yaml": "^3.13.1",
        "node-fetch": "^2.6.0",
        "rehype-slug": "^3.0.0",
        "rehype-toc": "^3.0.1",
        "remark-autolink-headings": "^6.0.0",
        "remark-containers": "^1.1.1",
        "remark-external-links": "^6.0.0",
        "remark-frontmatter": "^2.0.0",
        "remark-parse": "^8.0.2",
        "remark-rehype": "^7.0.0",
        "remark-slug": "^6.0.0",
        "retext": "^7.0.1",
        "retext-smartypants": "^4.0.0",
        "rollup-plugin-commonjs": "^10.1.0",
        "rollup-plugin-json": "^4.0.0",
        "rollup-plugin-node-builtins": "^2.1.2",
        "rollup-plugin-node-globals": "^1.4.0",
        "rollup-plugin-node-resolve": "^5.2.0",
        "rollup-plugin-svelte": "^5.1.1",
        "shiki": "^0.9.3",
        "svelte": "^3.14.1",
        "toml": "^3.0.0",
        "unified": "^9.1.0",
        "vfile": "^4.2.0"
      },
      "peerDependencies": {
        "svelte": "3.x"
      }
    },
    "../../node_modules/.pnpm/remark-parse@8.0.2/node_modules/remark-parse": {
      "version": "8.0.2",
      "license": "MIT",
      "dependencies": {
        "ccount": "^1.0.0",
        "collapse-white-space": "^1.0.2",
        "is-alphabetical": "^1.0.0",
        "is-decimal": "^1.0.0",
        "is-whitespace-character": "^1.0.0",
        "is-word-character": "^1.0.0",
        "markdown-escapes": "^1.0.0",
        "parse-entities": "^2.0.0",
        "repeat-string": "^1.5.4",
        "state-toggle": "^1.0.0",
        "trim": "0.0.1",
        "trim-trailing-lines": "^1.0.0",
        "unherit": "^1.0.4",
        "unist-util-remove-position": "^2.0.0",
        "vfile-location": "^3.0.0",
        "xtend": "^4.0.1"
      },
      "funding": {
        "type": "opencollective",
        "url": "https://opencollective.com/unified"
      }
    },
    "../../node_modules/.pnpm/unified@9.2.1/node_modules/unified": {
      "version": "9.2.1",
      "license": "MIT",
      "dependencies": {
        "bail": "^1.0.0",
        "extend": "^3.0.0",
        "is-buffer": "^2.0.0",
        "is-plain-obj": "^2.0.0",
        "trough": "^1.0.0",
        "vfile": "^4.0.0"
      },
      "devDependencies": {
        "browserify": "^17.0.0",
        "c8": "^7.0.0",
        "dtslint": "^4.0.0",
        "prettier": "^2.0.0",
        "remark-cli": "^9.0.0",
        "remark-preset-wooorm": "^8.0.0",
        "tape": "^5.0.0",
        "tinyify": "^3.0.0",
        "xo": "^0.38.0"
      },
      "funding": {
        "type": "opencollective",
        "url": "https://opencollective.com/unified"
      }
    },
    "../../node_modules/.pnpm/unist-util-visit@2.0.3/node_modules/unist-util-visit": {
      "version": "2.0.3",
      "license": "MIT",
      "dependencies": {
        "@types/unist": "^2.0.0",
        "unist-util-is": "^4.0.0",
        "unist-util-visit-parents": "^3.0.0"
      },
      "devDependencies": {
        "browserify": "^16.0.0",
        "dtslint": "^3.0.0",
        "nyc": "^15.0.0",
        "prettier": "^2.0.0",
        "remark": "^12.0.0",
        "remark-cli": "^8.0.0",
        "remark-preset-wooorm": "^7.0.0",
        "tape": "^5.0.0",
        "tinyify": "^2.0.0",
        "typescript": "^3.0.0",
        "unified": "^9.0.0",
        "xo": "^0.32.0"
      },
      "funding": {
        "type": "opencollective",
        "url": "https://opencollective.com/unified"
      }
    },
    "node_modules/blueimp-md5": {
      "resolved": "../../node_modules/.pnpm/blueimp-md5@2.19.0/node_modules/blueimp-md5",
      "link": true
    },
    "node_modules/fs-extra": {
      "resolved": "../../node_modules/.pnpm/fs-extra@9.1.0/node_modules/fs-extra",
      "link": true
    },
    "node_modules/mdsvex": {
      "resolved": "../../node_modules/.pnpm/mdsvex@0.10.6/node_modules/mdsvex",
      "link": true
    },
    "node_modules/remark-parse": {
      "resolved": "../../node_modules/.pnpm/remark-parse@8.0.2/node_modules/remark-parse",
      "link": true
    },
    "node_modules/unified": {
      "resolved": "../../node_modules/.pnpm/unified@9.2.1/node_modules/unified",
      "link": true
    },
    "node_modules/unist-util-visit": {
      "resolved": "../../node_modules/.pnpm/unist-util-visit@2.0.3/node_modules/unist-util-visit",
      "link": true
    }
  }
}
