{
    "name": "@evidence-dev/sqlite",
    "version": "0.0.1",
    "lockfileVersion": 2,
    "requires": true,
    "packages": {
        "": {
            "name": "@evidence-dev/sqlite",
            "version": "0.0.1",
            "license": "MIT",
            "dependencies": {
                "sqlite": "4.0.25"
            }
        },
        "node_modules/sqlite": {
            "version": "4.0.25",
            "resolved": "https://registry.npmjs.org/sqlite/-/sqlite-4.0.25.tgz",
            "integrity": "sha512-gqCEcLF8FOTeW/na3SRYWLQkw2jZXgVj1DdgRJbm0jvrhnUgBIuNDUUm649AnBNDNHhI5XskwT8dvc8vearRLQ=="
        }
    },
    "dependencies": {
        "sqlite": {
            "version": "4.0.25",
            "resolved": "https://registry.npmjs.org/sqlite/-/sqlite-4.0.25.tgz",
            "integrity": "sha512-gqCEcLF8FOTeW/na3SRYWLQkw2jZXgVj1DdgRJbm0jvrhnUgBIuNDUUm649AnBNDNHhI5XskwT8dvc8vearRLQ=="
        }
    }
}
