{
	"name": "@evidence-dev/telemetry",
	"version": "2.0.4",
	"lockfileVersion": 3,
	"requires": true,
	"packages": {
		"": {
			"name": "@evidence-dev/telemetry",
			"version": "2.0.4",
			"license": "MIT",
			"dependencies": {
				"@lukeed/uuid": "2.0.0",
				"@segment/analytics-node": "^2.1.2",
				"blueimp-md5": "^2.19.0",
				"fs-extra": "11.2.0"
			},
			"devDependencies": {
				"@types/blueimp-md5": "^2.18.2",
				"@types/fs-extra": "11.0.4"
			}
		},
		"../../../node_modules/.pnpm/@lukeed+uuid@2.0.0/node_modules/@lukeed/uuid": {
			"version": "2.0.0",
			"license": "MIT",
			"dependencies": {
				"@lukeed/csprng": "^1.0.0"
			},
			"devDependencies": {
				"bundt": "1.1.1",
				"esm": "3.2.25",
				"is-uuid": "1.0.2",
				"uvu": "0.3.4"
			},
			"engines": {
				"node": ">=8"
			}
		},
		"../../../node_modules/.pnpm/@types+blueimp-md5@2.18.2/node_modules/@types/blueimp-md5": {
			"version": "2.18.2",
			"dev": true,
			"license": "MIT"
		},
		"../../../node_modules/.pnpm/@types+fs-extra@11.0.4/node_modules/@types/fs-extra": {
			"version": "11.0.4",
			"dev": true,
			"license": "MIT",
			"dependencies": {
				"@types/jsonfile": "*",
				"@types/node": "*"
			}
		},
		"../../../node_modules/.pnpm/blueimp-md5@2.19.0/node_modules/blueimp-md5": {
			"version": "2.19.0",
			"license": "MIT",
			"devDependencies": {
				"chai": "4",
				"eslint": "7",
				"eslint-config-blueimp": "2",
				"eslint-config-prettier": "8",
				"eslint-plugin-jsdoc": "36",
				"eslint-plugin-prettier": "4",
				"mocha": "9",
				"prettier": "2",
				"uglify-js": "3"
			}
		},
		"../../../node_modules/.pnpm/fs-extra@11.2.0/node_modules/fs-extra": {
			"version": "11.2.0",
			"license": "MIT",
			"dependencies": {
				"graceful-fs": "^4.2.0",
				"jsonfile": "^6.0.1",
				"universalify": "^2.0.0"
			},
			"devDependencies": {
				"klaw": "^2.1.1",
				"klaw-sync": "^3.0.2",
				"minimist": "^1.1.1",
				"mocha": "^10.1.0",
				"nyc": "^15.0.0",
				"proxyquire": "^2.0.1",
				"read-dir-files": "^0.1.1",
				"standard": "^17.0.0"
			},
			"engines": {
				"node": ">=14.14"
			}
		},
		"node_modules/@lukeed/uuid": {
			"resolved": "../../../node_modules/.pnpm/@lukeed+uuid@2.0.0/node_modules/@lukeed/uuid",
			"link": true
		},
		"node_modules/@segment/analytics-core": {
			"version": "1.6.0",
			"license": "MIT",
			"dependencies": {
				"@lukeed/uuid": "^2.0.0",
				"@segment/analytics-generic-utils": "1.2.0",
				"dset": "^3.1.2",
				"tslib": "^2.4.1"
			}
		},
		"node_modules/@segment/analytics-generic-utils": {
			"version": "1.2.0",
			"license": "MIT",
			"dependencies": {
				"tslib": "^2.4.1"
			}
		},
		"node_modules/@segment/analytics-node": {
			"version": "2.1.2",
			"license": "MIT",
			"dependencies": {
				"@lukeed/uuid": "^2.0.0",
				"@segment/analytics-core": "1.6.0",
				"@segment/analytics-generic-utils": "1.2.0",
				"buffer": "^6.0.3",
				"jose": "^5.1.0",
				"node-fetch": "^2.6.7",
				"tslib": "^2.4.1"
			},
			"engines": {
				"node": ">=18"
			}
		},
		"node_modules/@types/blueimp-md5": {
			"resolved": "../../../node_modules/.pnpm/@types+blueimp-md5@2.18.2/node_modules/@types/blueimp-md5",
			"link": true
		},
		"node_modules/@types/fs-extra": {
			"resolved": "../../../node_modules/.pnpm/@types+fs-extra@11.0.4/node_modules/@types/fs-extra",
			"link": true
		},
		"node_modules/base64-js": {
			"version": "1.5.1",
			"funding": [
				{
					"type": "github",
					"url": "https://github.com/sponsors/feross"
				},
				{
					"type": "patreon",
					"url": "https://www.patreon.com/feross"
				},
				{
					"type": "consulting",
					"url": "https://feross.org/support"
				}
			],
			"license": "MIT"
		},
		"node_modules/blueimp-md5": {
			"resolved": "../../../node_modules/.pnpm/blueimp-md5@2.19.0/node_modules/blueimp-md5",
			"link": true
		},
		"node_modules/buffer": {
			"version": "6.0.3",
			"funding": [
				{
					"type": "github",
					"url": "https://github.com/sponsors/feross"
				},
				{
					"type": "patreon",
					"url": "https://www.patreon.com/feross"
				},
				{
					"type": "consulting",
					"url": "https://feross.org/support"
				}
			],
			"license": "MIT",
			"dependencies": {
				"base64-js": "^1.3.1",
				"ieee754": "^1.2.1"
			}
		},
		"node_modules/dset": {
			"version": "3.1.3",
			"license": "MIT",
			"engines": {
				"node": ">=4"
			}
		},
		"node_modules/fs-extra": {
			"resolved": "../../../node_modules/.pnpm/fs-extra@11.2.0/node_modules/fs-extra",
			"link": true
		},
		"node_modules/ieee754": {
			"version": "1.2.1",
			"funding": [
				{
					"type": "github",
					"url": "https://github.com/sponsors/feross"
				},
				{
					"type": "patreon",
					"url": "https://www.patreon.com/feross"
				},
				{
					"type": "consulting",
					"url": "https://feross.org/support"
				}
			],
			"license": "BSD-3-Clause"
		},
		"node_modules/jose": {
			"version": "5.2.4",
			"license": "MIT",
			"funding": {
				"url": "https://github.com/sponsors/panva"
			}
		},
		"node_modules/node-fetch": {
			"version": "2.7.0",
			"license": "MIT",
			"dependencies": {
				"whatwg-url": "^5.0.0"
			},
			"engines": {
				"node": "4.x || >=6.0.0"
			},
			"peerDependencies": {
				"encoding": "^0.1.0"
			},
			"peerDependenciesMeta": {
				"encoding": {
					"optional": true
				}
			}
		},
		"node_modules/tr46": {
			"version": "0.0.3",
			"license": "MIT"
		},
		"node_modules/tslib": {
			"version": "2.6.2",
			"license": "0BSD"
		},
		"node_modules/webidl-conversions": {
			"version": "3.0.1",
			"license": "BSD-2-Clause"
		},
		"node_modules/whatwg-url": {
			"version": "5.0.0",
			"license": "MIT",
			"dependencies": {
				"tr46": "~0.0.3",
				"webidl-conversions": "^3.0.0"
			}
		}
	}
}
