{
	"name": "@evidence-dev/create-new",
	"version": "1.0.4",
	"lockfileVersion": 2,
	"requires": true,
	"packages": {
		"": {
			"name": "@evidence-dev/create-new",
			"version": "1.0.4",
			"license": "MIT",
			"bin": {
				"create-new": "bin.js"
			},
			"devDependencies": {
				"@rollup/plugin-commonjs": "^18.0.0",
				"@rollup/plugin-json": "^4.1.0",
				"@rollup/plugin-node-resolve": "^11.2.1",
				"@sveltejs/kit": "1.0.0-next.71",
				"@types/fs-extra": "^9.0.11",
				"fs-extra": "^9.1.0",
				"gitignore-parser": "^0.0.2",
				"kleur": "^4.1.4",
				"prettier": "^2.2.1",
				"prettier-plugin-svelte": "^2.2.0",
				"prompts": "^2.4.0",
				"rollup": "^2.41.1",
				"sucrase": "^3.18.1",
				"tiny-glob": "^0.2.8"
			}
		},
		"../../node_modules/.pnpm/@rollup+plugin-commonjs@18.0.0_rollup@2.46.0/node_modules/@rollup/plugin-commonjs": {
			"version": "18.0.0",
			"dev": true,
			"license": "MIT",
			"dependencies": {
				"@rollup/pluginutils": "^3.1.0",
				"commondir": "^1.0.1",
				"estree-walker": "^2.0.1",
				"glob": "^7.1.6",
				"is-reference": "^1.2.1",
				"magic-string": "^0.25.7",
				"resolve": "^1.17.0"
			},
			"devDependencies": {
				"@rollup/plugin-json": "^4.1.0",
				"@rollup/plugin-node-resolve": "^8.4.0",
				"locate-character": "^2.0.5",
				"require-relative": "^0.8.7",
				"rollup": "^2.30.0",
				"shx": "^0.3.2",
				"source-map": "^0.7.3",
				"source-map-support": "^0.5.19",
				"typescript": "^3.9.7"
			},
			"engines": {
				"node": ">= 8.0.0"
			},
			"peerDependencies": {
				"rollup": "^2.30.0"
			}
		},
		"../../node_modules/.pnpm/@rollup+plugin-json@4.1.0_rollup@2.46.0/node_modules/@rollup/plugin-json": {
			"version": "4.1.0",
			"dev": true,
			"license": "MIT",
			"dependencies": {
				"@rollup/pluginutils": "^3.0.8"
			},
			"devDependencies": {
				"@rollup/plugin-buble": "^0.21.0",
				"@rollup/plugin-node-resolve": "^7.0.0",
				"source-map-support": "^0.5.16"
			},
			"peerDependencies": {
				"rollup": "^1.20.0 || ^2.0.0"
			}
		},
		"../../node_modules/.pnpm/@rollup+plugin-node-resolve@11.2.1_rollup@2.46.0/node_modules/@rollup/plugin-node-resolve": {
			"version": "11.2.1",
			"dev": true,
			"license": "MIT",
			"dependencies": {
				"@rollup/pluginutils": "^3.1.0",
				"@types/resolve": "1.17.1",
				"builtin-modules": "^3.1.0",
				"deepmerge": "^4.2.2",
				"is-module": "^1.0.0",
				"resolve": "^1.19.0"
			},
			"devDependencies": {
				"@babel/core": "^7.10.5",
				"@babel/plugin-transform-typescript": "^7.10.5",
				"@rollup/plugin-babel": "^5.1.0",
				"@rollup/plugin-commonjs": "^16.0.0",
				"@rollup/plugin-json": "^4.1.0",
				"es5-ext": "^0.10.53",
				"rollup": "^2.23.0",
				"source-map": "^0.7.3",
				"string-capitalize": "^1.0.1"
			},
			"engines": {
				"node": ">= 10.0.0"
			},
			"peerDependencies": {
				"rollup": "^1.20.0||^2.0.0"
			}
		},
		"../../node_modules/.pnpm/@sveltejs+kit@1.0.0-next.71_rollup@2.46.0/node_modules/@sveltejs/kit": {
			"version": "1.0.0-next.71",
			"dev": true,
			"dependencies": {
				"@sveltejs/vite-plugin-svelte": "^1.0.0-next.5",
				"cheap-watch": "^1.0.3",
				"sade": "^1.7.4"
			},
			"bin": {
				"svelte-kit": "svelte-kit.js"
			},
			"devDependencies": {
				"@rollup/plugin-replace": "^2.4.1",
				"@types/amphtml-validator": "^1.0.1",
				"@types/mime": "^2.0.3",
				"@types/node": "^14.14.33",
				"@types/rimraf": "^3.0.0",
				"@types/sade": "^1.7.2",
				"amphtml-validator": "^1.0.34",
				"cookie": "^0.4.1",
				"devalue": "^2.0.1",
				"eslint": "^7.21.0",
				"kleur": "^4.1.4",
				"node-fetch": "^3.0.0-beta.9",
				"port-authority": "^1.1.2",
				"rimraf": "^3.0.2",
				"rollup": "^2.41.1",
				"selfsigned": "^1.10.8",
				"sirv": "^1.0.11",
				"svelte": "^3.35.0",
				"tiny-glob": "^0.2.8",
				"typescript": "^4.2.3",
				"uvu": "^0.5.1",
				"vite": "^2.1.0"
			},
			"engines": {
				"node": ">= 12.17.0"
			},
			"peerDependencies": {
				"svelte": "^3.32.1",
				"vite": "^2.1.0"
			}
		},
		"../../node_modules/.pnpm/@types+fs-extra@9.0.11/node_modules/@types/fs-extra": {
			"version": "9.0.11",
			"dev": true,
			"license": "MIT",
			"dependencies": {
				"@types/node": "*"
			}
		},
		"../../node_modules/.pnpm/fs-extra@9.1.0/node_modules/fs-extra": {
			"version": "9.1.0",
			"dev": true,
			"license": "MIT",
			"dependencies": {
				"at-least-node": "^1.0.0",
				"graceful-fs": "^4.2.0",
				"jsonfile": "^6.0.1",
				"universalify": "^2.0.0"
			},
			"devDependencies": {
				"coveralls": "^3.0.0",
				"klaw": "^2.1.1",
				"klaw-sync": "^3.0.2",
				"minimist": "^1.1.1",
				"mocha": "^5.0.5",
				"nyc": "^15.0.0",
				"proxyquire": "^2.0.1",
				"read-dir-files": "^0.1.1",
				"standard": "^14.1.0"
			},
			"engines": {
				"node": ">=10"
			}
		},
		"../../node_modules/.pnpm/gitignore-parser@0.0.2/node_modules/gitignore-parser": {
			"version": "0.0.2",
			"dev": true,
			"devDependencies": {
				"expect.js": "*",
				"mocha": "*",
				"should": "*"
			},
			"engines": {
				"node": ">=0.10.0"
			}
		},
		"../../node_modules/.pnpm/kleur@4.1.4/node_modules/kleur": {
			"version": "4.1.4",
			"dev": true,
			"license": "MIT",
			"devDependencies": {
				"esm": "3.2.25",
				"uvu": "0.3.3"
			},
			"engines": {
				"node": ">=6"
			}
		},
		"../../node_modules/.pnpm/prettier-plugin-svelte@2.2.0_prettier@2.2.1/node_modules/prettier-plugin-svelte": {
			"version": "2.2.0",
			"dev": true,
			"license": "MIT",
			"devDependencies": {
				"@rollup/plugin-commonjs": "14.0.0",
				"@rollup/plugin-node-resolve": "11.0.1",
				"@types/node": "^10.12.18",
				"@types/prettier": "^2.1.6",
				"ava": "3.15.0",
				"prettier": "^2.2.1",
				"rollup": "2.36.0",
				"rollup-plugin-typescript": "1.0.1",
				"svelte": "^3.35.0",
				"ts-node": "^9.1.1",
				"tslib": "^2.0.3",
				"typescript": "4.1.3"
			},
			"peerDependencies": {
				"prettier": "^1.16.4 || ^2.0.0",
				"svelte": "^3.2.0"
			}
		},
		"../../node_modules/.pnpm/prettier@2.2.1/node_modules/prettier": {
			"version": "2.2.1",
			"dev": true,
			"license": "MIT",
			"bin": {
				"prettier": "bin-prettier.js"
			},
			"engines": {
				"node": ">=10.13.0"
			}
		},
		"../../node_modules/.pnpm/prompts@2.4.1/node_modules/prompts": {
			"version": "2.4.1",
			"dev": true,
			"license": "MIT",
			"dependencies": {
				"kleur": "^3.0.3",
				"sisteransi": "^1.0.5"
			},
			"devDependencies": {
				"@babel/cli": "^7.12.1",
				"@babel/core": "^7.12.3",
				"@babel/plugin-proposal-object-rest-spread": "^7.12.1",
				"@babel/preset-env": "^7.12.1",
				"tap-spec": "^5.0.0",
				"tape": "^4.13.3"
			},
			"engines": {
				"node": ">= 6"
			}
		},
		"../../node_modules/.pnpm/rollup@2.46.0/node_modules/rollup": {
			"version": "2.46.0",
			"dev": true,
			"license": "MIT",
			"bin": {
				"rollup": "dist/bin/rollup"
			},
			"devDependencies": {
				"@rollup/plugin-alias": "^3.1.2",
				"@rollup/plugin-buble": "^0.21.3",
				"@rollup/plugin-commonjs": "^18.0.0-1",
				"@rollup/plugin-json": "^4.1.0",
				"@rollup/plugin-node-resolve": "^11.1.1",
				"@rollup/plugin-replace": "^2.3.4",
				"@types/micromatch": "^4.0.1",
				"@types/node": "^10.17.51",
				"@types/require-relative": "^0.8.0",
				"@types/signal-exit": "^3.0.0",
				"@types/yargs-parser": "^20.2.0",
				"acorn": "^8.0.5",
				"acorn-class-fields": "^1.0.0",
				"acorn-jsx": "^5.3.1",
				"acorn-private-methods": "^1.0.0",
				"acorn-static-class-features": "^1.0.0",
				"acorn-walk": "^8.0.2",
				"buble": "^0.20.0",
				"chokidar": "^3.5.1",
				"colorette": "^1.2.1",
				"core-js": "^3.8.3",
				"date-time": "^3.1.0",
				"es5-shim": "^4.5.15",
				"es6-shim": "^0.35.6",
				"eslint": "^7.19.0",
				"eslint-plugin-import": "^2.22.1",
				"execa": "^5.0.0",
				"fixturify": "^2.1.0",
				"hash.js": "^1.1.7",
				"husky": "^5.0.9",
				"is-reference": "git+https://github.com/lukastaegert/is-reference.git#update-class-features",
				"lint-staged": "^10.5.4",
				"locate-character": "^2.0.5",
				"magic-string": "^0.25.7",
				"markdownlint-cli": "^0.26.0",
				"micromatch": "^4.0.2",
				"mocha": "^8.3.0",
				"node-fetch": "^2.6.1",
				"nyc": "^15.1.0",
				"pinst": "^2.1.4",
				"prettier": "^2.2.1",
				"pretty-bytes": "^5.5.0",
				"pretty-ms": "^7.0.1",
				"require-relative": "^0.8.7",
				"requirejs": "^2.3.6",
				"rollup": "^2.38.5",
				"rollup-plugin-license": "^2.2.0",
				"rollup-plugin-string": "^3.0.0",
				"rollup-plugin-terser": "^7.0.2",
				"rollup-plugin-thatworks": "^1.0.4",
				"rollup-plugin-typescript": "^1.0.1",
				"rollup-pluginutils": "^2.8.2",
				"sander": "^0.6.0",
				"shx": "^0.3.3",
				"signal-exit": "^3.0.3",
				"source-map": "^0.7.3",
				"source-map-support": "^0.5.19",
				"sourcemap-codec": "^1.4.8",
				"systemjs": "^6.8.3",
				"terser": "^5.6.0-beta",
				"tslib": "^2.1.0",
				"tslint": "^6.1.3",
				"typescript": "^4.1.5",
				"url-parse": "^1.4.7",
				"weak-napi": "^2.0.2",
				"yargs-parser": "^20.2.4"
			},
			"engines": {
				"node": ">=10.0.0"
			},
			"optionalDependencies": {
				"fsevents": "~2.3.1"
			}
		},
		"../../node_modules/.pnpm/sucrase@3.18.1/node_modules/sucrase": {
			"version": "3.18.1",
			"dev": true,
			"license": "MIT",
			"dependencies": {
				"commander": "^4.0.0",
				"glob": "7.1.6",
				"lines-and-columns": "^1.1.6",
				"mz": "^2.7.0",
				"pirates": "^4.0.1",
				"ts-interface-checker": "^0.1.9"
			},
			"bin": {
				"sucrase": "bin/sucrase",
				"sucrase-node": "bin/sucrase-node"
			},
			"devDependencies": {
				"@types/glob": "7.1.1",
				"@types/mocha": "^5.2.7",
				"@types/mz": "^0.0.32",
				"@types/node": "^12.12.7",
				"@typescript-eslint/eslint-plugin": "^4.11.1",
				"@typescript-eslint/parser": "^4.11.1",
				"chalk": "2.4.1",
				"codecov": "^3.8.1",
				"eslint": "^6.6.0",
				"eslint-config-airbnb-base": "^14.0.0",
				"eslint-config-prettier": "^6.5.0",
				"eslint-plugin-import": "^2.22.1",
				"eslint-plugin-prettier": "^3.1.1",
				"mocha": "^7.1.1",
				"nyc": "^14.1.1",
				"prettier": "^2.0.5",
				"sucrase": "^3.18.0",
				"test262-harness": "^6.5.0",
				"ts-interface-builder": "^0.2.1",
				"typescript": "^4.1.3"
			},
			"engines": {
				"node": ">=8"
			}
		},
		"../../node_modules/.pnpm/tiny-glob@0.2.8/node_modules/tiny-glob": {
			"version": "0.2.8",
			"dev": true,
			"license": "MIT",
			"dependencies": {
				"globalyzer": "0.1.0",
				"globrex": "^0.1.2"
			},
			"devDependencies": {
				"tap-spec": "^5.0.0",
				"tape": "^5.0.1"
			}
		},
		"node_modules/@rollup/plugin-commonjs": {
			"resolved": "../../node_modules/.pnpm/@rollup+plugin-commonjs@18.0.0_rollup@2.46.0/node_modules/@rollup/plugin-commonjs",
			"link": true
		},
		"node_modules/@rollup/plugin-json": {
			"resolved": "../../node_modules/.pnpm/@rollup+plugin-json@4.1.0_rollup@2.46.0/node_modules/@rollup/plugin-json",
			"link": true
		},
		"node_modules/@rollup/plugin-node-resolve": {
			"resolved": "../../node_modules/.pnpm/@rollup+plugin-node-resolve@11.2.1_rollup@2.46.0/node_modules/@rollup/plugin-node-resolve",
			"link": true
		},
		"node_modules/@sveltejs/kit": {
			"resolved": "../../node_modules/.pnpm/@sveltejs+kit@1.0.0-next.71_rollup@2.46.0/node_modules/@sveltejs/kit",
			"link": true
		},
		"node_modules/@types/fs-extra": {
			"resolved": "../../node_modules/.pnpm/@types+fs-extra@9.0.11/node_modules/@types/fs-extra",
			"link": true
		},
		"node_modules/fs-extra": {
			"resolved": "../../node_modules/.pnpm/fs-extra@9.1.0/node_modules/fs-extra",
			"link": true
		},
		"node_modules/gitignore-parser": {
			"resolved": "../../node_modules/.pnpm/gitignore-parser@0.0.2/node_modules/gitignore-parser",
			"link": true
		},
		"node_modules/kleur": {
			"resolved": "../../node_modules/.pnpm/kleur@4.1.4/node_modules/kleur",
			"link": true
		},
		"node_modules/prettier": {
			"resolved": "../../node_modules/.pnpm/prettier@2.2.1/node_modules/prettier",
			"link": true
		},
		"node_modules/prettier-plugin-svelte": {
			"resolved": "../../node_modules/.pnpm/prettier-plugin-svelte@2.2.0_prettier@2.2.1/node_modules/prettier-plugin-svelte",
			"link": true
		},
		"node_modules/prompts": {
			"resolved": "../../node_modules/.pnpm/prompts@2.4.1/node_modules/prompts",
			"link": true
		},
		"node_modules/rollup": {
			"resolved": "../../node_modules/.pnpm/rollup@2.46.0/node_modules/rollup",
			"link": true
		},
		"node_modules/sucrase": {
			"resolved": "../../node_modules/.pnpm/sucrase@3.18.1/node_modules/sucrase",
			"link": true
		},
		"node_modules/tiny-glob": {
			"resolved": "../../node_modules/.pnpm/tiny-glob@0.2.8/node_modules/tiny-glob",
			"link": true
		}
	},
	"dependencies": {
		"@rollup/plugin-commonjs": {
			"version": "file:../../node_modules/.pnpm/@rollup+plugin-commonjs@18.0.0_rollup@2.46.0/node_modules/@rollup/plugin-commonjs",
			"requires": {
				"@rollup/plugin-json": "^4.1.0",
				"@rollup/plugin-node-resolve": "^8.4.0",
				"@rollup/pluginutils": "^3.1.0",
				"commondir": "^1.0.1",
				"estree-walker": "^2.0.1",
				"glob": "^7.1.6",
				"is-reference": "^1.2.1",
				"locate-character": "^2.0.5",
				"magic-string": "^0.25.7",
				"require-relative": "^0.8.7",
				"resolve": "^1.17.0",
				"rollup": "^2.30.0",
				"shx": "^0.3.2",
				"source-map": "^0.7.3",
				"source-map-support": "^0.5.19",
				"typescript": "^3.9.7"
			}
		},
		"@rollup/plugin-json": {
			"version": "file:../../node_modules/.pnpm/@rollup+plugin-json@4.1.0_rollup@2.46.0/node_modules/@rollup/plugin-json",
			"requires": {
				"@rollup/plugin-buble": "^0.21.0",
				"@rollup/plugin-node-resolve": "^7.0.0",
				"@rollup/pluginutils": "^3.0.8",
				"source-map-support": "^0.5.16"
			}
		},
		"@rollup/plugin-node-resolve": {
			"version": "file:../../node_modules/.pnpm/@rollup+plugin-node-resolve@11.2.1_rollup@2.46.0/node_modules/@rollup/plugin-node-resolve",
			"requires": {
				"@babel/core": "^7.10.5",
				"@babel/plugin-transform-typescript": "^7.10.5",
				"@rollup/plugin-babel": "^5.1.0",
				"@rollup/plugin-commonjs": "^16.0.0",
				"@rollup/plugin-json": "^4.1.0",
				"@rollup/pluginutils": "^3.1.0",
				"@types/resolve": "1.17.1",
				"builtin-modules": "^3.1.0",
				"deepmerge": "^4.2.2",
				"es5-ext": "^0.10.53",
				"is-module": "^1.0.0",
				"resolve": "^1.19.0",
				"rollup": "^2.23.0",
				"source-map": "^0.7.3",
				"string-capitalize": "^1.0.1"
			}
		},
		"@sveltejs/kit": {
			"version": "file:../../node_modules/.pnpm/@sveltejs+kit@1.0.0-next.71_rollup@2.46.0/node_modules/@sveltejs/kit",
			"requires": {
				"@rollup/plugin-replace": "^2.4.1",
				"@sveltejs/vite-plugin-svelte": "^1.0.0-next.5",
				"@types/amphtml-validator": "^1.0.1",
				"@types/mime": "^2.0.3",
				"@types/node": "^14.14.33",
				"@types/rimraf": "^3.0.0",
				"@types/sade": "^1.7.2",
				"amphtml-validator": "^1.0.34",
				"cheap-watch": "^1.0.3",
				"cookie": "^0.4.1",
				"devalue": "^2.0.1",
				"eslint": "^7.21.0",
				"kleur": "^4.1.4",
				"node-fetch": "^3.0.0-beta.9",
				"port-authority": "^1.1.2",
				"rimraf": "^3.0.2",
				"rollup": "^2.41.1",
				"sade": "^1.7.4",
				"selfsigned": "^1.10.8",
				"sirv": "^1.0.11",
				"svelte": "^3.35.0",
				"tiny-glob": "^0.2.8",
				"typescript": "^4.2.3",
				"uvu": "^0.5.1",
				"vite": "^2.1.0"
			}
		},
		"@types/fs-extra": {
			"version": "file:../../node_modules/.pnpm/@types+fs-extra@9.0.11/node_modules/@types/fs-extra",
			"requires": {
				"@types/node": "*"
			}
		},
		"fs-extra": {
			"version": "file:../../node_modules/.pnpm/fs-extra@9.1.0/node_modules/fs-extra",
			"requires": {
				"at-least-node": "^1.0.0",
				"coveralls": "^3.0.0",
				"graceful-fs": "^4.2.0",
				"jsonfile": "^6.0.1",
				"klaw": "^2.1.1",
				"klaw-sync": "^3.0.2",
				"minimist": "^1.1.1",
				"mocha": "^5.0.5",
				"nyc": "^15.0.0",
				"proxyquire": "^2.0.1",
				"read-dir-files": "^0.1.1",
				"standard": "^14.1.0",
				"universalify": "^2.0.0"
			}
		},
		"gitignore-parser": {
			"version": "file:../../node_modules/.pnpm/gitignore-parser@0.0.2/node_modules/gitignore-parser",
			"requires": {
				"expect.js": "*",
				"mocha": "*",
				"should": "*"
			}
		},
		"kleur": {
			"version": "file:../../node_modules/.pnpm/kleur@4.1.4/node_modules/kleur",
			"requires": {
				"esm": "3.2.25",
				"uvu": "0.3.3"
			}
		},
		"prettier": {
			"version": "file:../../node_modules/.pnpm/prettier@2.2.1/node_modules/prettier"
		},
		"prettier-plugin-svelte": {
			"version": "file:../../node_modules/.pnpm/prettier-plugin-svelte@2.2.0_prettier@2.2.1/node_modules/prettier-plugin-svelte",
			"requires": {
				"@rollup/plugin-commonjs": "14.0.0",
				"@rollup/plugin-node-resolve": "11.0.1",
				"@types/node": "^10.12.18",
				"@types/prettier": "^2.1.6",
				"ava": "3.15.0",
				"prettier": "^2.2.1",
				"rollup": "2.36.0",
				"rollup-plugin-typescript": "1.0.1",
				"svelte": "^3.35.0",
				"ts-node": "^9.1.1",
				"tslib": "^2.0.3",
				"typescript": "4.1.3"
			}
		},
		"prompts": {
			"version": "file:../../node_modules/.pnpm/prompts@2.4.1/node_modules/prompts",
			"requires": {
				"@babel/cli": "^7.12.1",
				"@babel/core": "^7.12.3",
				"@babel/plugin-proposal-object-rest-spread": "^7.12.1",
				"@babel/preset-env": "^7.12.1",
				"kleur": "^3.0.3",
				"sisteransi": "^1.0.5",
				"tap-spec": "^5.0.0",
				"tape": "^4.13.3"
			}
		},
		"rollup": {
			"version": "file:../../node_modules/.pnpm/rollup@2.46.0/node_modules/rollup",
			"requires": {
				"@rollup/plugin-alias": "^3.1.2",
				"@rollup/plugin-buble": "^0.21.3",
				"@rollup/plugin-commonjs": "^18.0.0-1",
				"@rollup/plugin-json": "^4.1.0",
				"@rollup/plugin-node-resolve": "^11.1.1",
				"@rollup/plugin-replace": "^2.3.4",
				"@types/micromatch": "^4.0.1",
				"@types/node": "^10.17.51",
				"@types/require-relative": "^0.8.0",
				"@types/signal-exit": "^3.0.0",
				"@types/yargs-parser": "^20.2.0",
				"acorn": "^8.0.5",
				"acorn-class-fields": "^1.0.0",
				"acorn-jsx": "^5.3.1",
				"acorn-private-methods": "^1.0.0",
				"acorn-static-class-features": "^1.0.0",
				"acorn-walk": "^8.0.2",
				"buble": "^0.20.0",
				"chokidar": "^3.5.1",
				"colorette": "^1.2.1",
				"core-js": "^3.8.3",
				"date-time": "^3.1.0",
				"es5-shim": "^4.5.15",
				"es6-shim": "^0.35.6",
				"eslint": "^7.19.0",
				"eslint-plugin-import": "^2.22.1",
				"execa": "^5.0.0",
				"fixturify": "^2.1.0",
				"fsevents": "~2.3.1",
				"hash.js": "^1.1.7",
				"husky": "^5.0.9",
				"is-reference": "git+https://github.com/lukastaegert/is-reference.git#update-class-features",
				"lint-staged": "^10.5.4",
				"locate-character": "^2.0.5",
				"magic-string": "^0.25.7",
				"markdownlint-cli": "^0.26.0",
				"micromatch": "^4.0.2",
				"mocha": "^8.3.0",
				"node-fetch": "^2.6.1",
				"nyc": "^15.1.0",
				"pinst": "^2.1.4",
				"prettier": "^2.2.1",
				"pretty-bytes": "^5.5.0",
				"pretty-ms": "^7.0.1",
				"require-relative": "^0.8.7",
				"requirejs": "^2.3.6",
				"rollup": "^2.38.5",
				"rollup-plugin-license": "^2.2.0",
				"rollup-plugin-string": "^3.0.0",
				"rollup-plugin-terser": "^7.0.2",
				"rollup-plugin-thatworks": "^1.0.4",
				"rollup-plugin-typescript": "^1.0.1",
				"rollup-pluginutils": "^2.8.2",
				"sander": "^0.6.0",
				"shx": "^0.3.3",
				"signal-exit": "^3.0.3",
				"source-map": "^0.7.3",
				"source-map-support": "^0.5.19",
				"sourcemap-codec": "^1.4.8",
				"systemjs": "^6.8.3",
				"terser": "^5.6.0-beta",
				"tslib": "^2.1.0",
				"tslint": "^6.1.3",
				"typescript": "^4.1.5",
				"url-parse": "^1.4.7",
				"weak-napi": "^2.0.2",
				"yargs-parser": "^20.2.4"
			}
		},
		"sucrase": {
			"version": "file:../../node_modules/.pnpm/sucrase@3.18.1/node_modules/sucrase",
			"requires": {
				"@types/glob": "7.1.1",
				"@types/mocha": "^5.2.7",
				"@types/mz": "^0.0.32",
				"@types/node": "^12.12.7",
				"@typescript-eslint/eslint-plugin": "^4.11.1",
				"@typescript-eslint/parser": "^4.11.1",
				"chalk": "2.4.1",
				"codecov": "^3.8.1",
				"commander": "^4.0.0",
				"eslint": "^6.6.0",
				"eslint-config-airbnb-base": "^14.0.0",
				"eslint-config-prettier": "^6.5.0",
				"eslint-plugin-import": "^2.22.1",
				"eslint-plugin-prettier": "^3.1.1",
				"glob": "7.1.6",
				"lines-and-columns": "^1.1.6",
				"mocha": "^7.1.1",
				"mz": "^2.7.0",
				"nyc": "^14.1.1",
				"pirates": "^4.0.1",
				"prettier": "^2.0.5",
				"sucrase": "^3.18.0",
				"test262-harness": "^6.5.0",
				"ts-interface-builder": "^0.2.1",
				"ts-interface-checker": "^0.1.9",
				"typescript": "^4.1.3"
			}
		},
		"tiny-glob": {
			"version": "file:../../node_modules/.pnpm/tiny-glob@0.2.8/node_modules/tiny-glob",
			"requires": {
				"globalyzer": "0.1.0",
				"globrex": "^0.1.2",
				"tap-spec": "^5.0.0",
				"tape": "^5.0.1"
			}
		}
	}
}
